<?xml version="1.0" encoding="utf-8"?>
<Project ToolsVersion="4.0" xmlns="http://schemas.microsoft.com/developer/msbuild/2003">
  <ItemGroup>
    <Filter Include="Application/User">
      <UniqueIdentifier>{cf8c8b9a-12c0-473b-b671-77b53e1cc9b4}</UniqueIdentifier>
    </Filter>
    <Filter Include="Application/MDK-ARM">
      <UniqueIdentifier>{3c6eca88-075d-4d12-bfdc-a19021dbd0f1}</UniqueIdentifier>
    </Filter>
    <Filter Include="Drivers/CMSIS">
      <UniqueIdentifier>{3784fa40-6a84-4a03-8e14-74cd036f03c3}</UniqueIdentifier>
    </Filter>
    <Filter Include="Drivers/STM32F1xx_HAL_Driver">
      <UniqueIdentifier>{fe8e7645-8054-47fb-adf3-71edaa433299}</UniqueIdentifier>
    </Filter>
    <Filter Include="::CMSIS">
      <UniqueIdentifier>{bebbbc30-f84d-4aa5-b92b-d014535332c2}</UniqueIdentifier>
    </Filter>
  </ItemGroup>
  <ItemGroup>
    <ClCompile Include="..\Src\gpio.c">
      <Filter>Application/User</Filter>
    </ClCompile>
    <ClCompile Include="..\Src\main.c">
      <Filter>Application/User</Filter>
    </ClCompile>
    <ClCompile Include="..\Src\stm32f1xx_hal_msp.c">
      <Filter>Application/User</Filter>
    </ClCompile>
    <ClCompile Include="..\Src\stm32f1xx_it.c">
      <Filter>Application/User</Filter>
    </ClCompile>
    <ClCompile Include="..\Drivers\CMSIS\Device\ST\STM32F1xx\Source\Templates\system_stm32f1xx.c">
      <Filter>Drivers/CMSIS</Filter>
    </ClCompile>
    <ClCompile Include="..\Drivers\STM32F1xx_HAL_Driver\Src\stm32f1xx_hal_flash.c">
      <Filter>Drivers/STM32F1xx_HAL_Driver</Filter>
    </ClCompile>
    <ClCompile Include="..\Drivers\STM32F1xx_HAL_Driver\Src\stm32f1xx_hal_rcc.c">
      <Filter>Drivers/STM32F1xx_HAL_Driver</Filter>
    </ClCompile>
    <ClCompile Include="..\Drivers\STM32F1xx_HAL_Driver\Src\stm32f1xx_hal_pwr.c">
      <Filter>Drivers/STM32F1xx_HAL_Driver</Filter>
    </ClCompile>
    <ClCompile Include="..\Drivers\STM32F1xx_HAL_Driver\Src\stm32f1xx_hal_cortex.c">
      <Filter>Drivers/STM32F1xx_HAL_Driver</Filter>
    </ClCompile>
    <ClCompile Include="..\Drivers\STM32F1xx_HAL_Driver\Src\stm32f1xx_hal_gpio_ex.c">
      <Filter>Drivers/STM32F1xx_HAL_Driver</Filter>
    </ClCompile>
    <ClCompile Include="..\Drivers\STM32F1xx_HAL_Driver\Src\stm32f1xx_hal_dma.c">
      <Filter>Drivers/STM32F1xx_HAL_Driver</Filter>
    </ClCompile>
    <ClCompile Include="..\Drivers\STM32F1xx_HAL_Driver\Src\stm32f1xx_hal_gpio.c">
      <Filter>Drivers/STM32F1xx_HAL_Driver</Filter>
    </ClCompile>
    <ClCompile Include="..\Drivers\STM32F1xx_HAL_Driver\Src\stm32f1xx_hal.c">
      <Filter>Drivers/STM32F1xx_HAL_Driver</Filter>
    </ClCompile>
    <ClCompile Include="..\Drivers\STM32F1xx_HAL_Driver\Src\stm32f1xx_hal_flash_ex.c">
      <Filter>Drivers/STM32F1xx_HAL_Driver</Filter>
    </ClCompile>
    <ClCompile Include="..\Drivers\STM32F1xx_HAL_Driver\Src\stm32f1xx_hal_rcc_ex.c">
      <Filter>Drivers/STM32F1xx_HAL_Driver</Filter>
    </ClCompile>
    <ClCompile Include="..\Drivers\STM32F1xx_HAL_Driver\Src\stm32f1xx_hal_tim.c">
      <Filter>Drivers/STM32F1xx_HAL_Driver</Filter>
    </ClCompile>
    <ClCompile Include="..\Drivers\STM32F1xx_HAL_Driver\Src\stm32f1xx_hal_tim_ex.c">
      <Filter>Drivers/STM32F1xx_HAL_Driver</Filter>
    </ClCompile>
    <ClCompile Include="..\Src\delay.c">
      <Filter>Application/User</Filter>
    </ClCompile>
  </ItemGroup>
  <ItemGroup>
    <CustomBuild Include="startup_stm32f103xe.s">
      <Filter>Application/MDK-ARM</Filter>
    </CustomBuild>
  </ItemGroup>
</Project>