<?xml version="1.0" encoding="utf-8"?>
<Project ToolsVersion="4.0" xmlns="http://schemas.microsoft.com/developer/msbuild/2003">
  <ItemGroup>
    <Filter Include="Application/User">
      <UniqueIdentifier>{aae412bb-de00-4f77-a6ae-e0e20524134c}</UniqueIdentifier>
    </Filter>
    <Filter Include="Application/MDK-ARM">
      <UniqueIdentifier>{0f75795b-bcd2-427b-937f-b6cce9a0e57e}</UniqueIdentifier>
    </Filter>
    <Filter Include="Drivers/CMSIS">
      <UniqueIdentifier>{951643ce-f248-4f45-99b1-f3ab8610ffa3}</UniqueIdentifier>
    </Filter>
    <Filter Include="Drivers/STM32F1xx_HAL_Driver">
      <UniqueIdentifier>{b0214467-a0d2-42e1-ad1b-ef53e70037e3}</UniqueIdentifier>
    </Filter>
    <Filter Include="::CMSIS">
      <UniqueIdentifier>{f2e39e15-aa6e-4763-871d-003e980da123}</UniqueIdentifier>
    </Filter>
  </ItemGroup>
  <ItemGroup>
    <ClCompile Include="..\Src\stm32f1xx_it.c">
      <Filter>Application/User</Filter>
    </ClCompile>
    <ClCompile Include="..\Src\stm32f1xx_hal_msp.c">
      <Filter>Application/User</Filter>
    </ClCompile>
    <ClCompile Include="..\Src\main.c">
      <Filter>Application/User</Filter>
    </ClCompile>
    <ClCompile Include="..\Src\usart.c">
      <Filter>Application/User</Filter>
    </ClCompile>
    <ClCompile Include="..\Src\tim.c">
      <Filter>Application/User</Filter>
    </ClCompile>
    <ClCompile Include="..\Src\gpio.c">
      <Filter>Application/User</Filter>
    </ClCompile>
    <ClCompile Include="..\Src\dma.c">
      <Filter>Application/User</Filter>
    </ClCompile>
    <ClCompile Include="..\Drivers\CMSIS\Device\ST\STM32F1xx\Source\Templates\system_stm32f1xx.c">
      <Filter>Drivers/CMSIS</Filter>
    </ClCompile>
    <ClCompile Include="..\Drivers\STM32F1xx_HAL_Driver\Src\stm32f1xx_hal.c">
      <Filter>Drivers/STM32F1xx_HAL_Driver</Filter>
    </ClCompile>
    <ClCompile Include="..\Drivers\STM32F1xx_HAL_Driver\Src\stm32f1xx_hal_rcc_ex.c">
      <Filter>Drivers/STM32F1xx_HAL_Driver</Filter>
    </ClCompile>
    <ClCompile Include="..\Drivers\STM32F1xx_HAL_Driver\Src\stm32f1xx_hal_flash.c">
      <Filter>Drivers/STM32F1xx_HAL_Driver</Filter>
    </ClCompile>
    <ClCompile Include="..\Drivers\STM32F1xx_HAL_Driver\Src\stm32f1xx_hal_rcc.c">
      <Filter>Drivers/STM32F1xx_HAL_Driver</Filter>
    </ClCompile>
    <ClCompile Include="..\Drivers\STM32F1xx_HAL_Driver\Src\stm32f1xx_hal_uart.c">
      <Filter>Drivers/STM32F1xx_HAL_Driver</Filter>
    </ClCompile>
    <ClCompile Include="..\Drivers\STM32F1xx_HAL_Driver\Src\stm32f1xx_hal_pwr.c">
      <Filter>Drivers/STM32F1xx_HAL_Driver</Filter>
    </ClCompile>
    <ClCompile Include="..\Drivers\STM32F1xx_HAL_Driver\Src\stm32f1xx_hal_flash_ex.c">
      <Filter>Drivers/STM32F1xx_HAL_Driver</Filter>
    </ClCompile>
    <ClCompile Include="..\Drivers\STM32F1xx_HAL_Driver\Src\stm32f1xx_hal_dma.c">
      <Filter>Drivers/STM32F1xx_HAL_Driver</Filter>
    </ClCompile>
    <ClCompile Include="..\Drivers\STM32F1xx_HAL_Driver\Src\stm32f1xx_hal_tim_ex.c">
      <Filter>Drivers/STM32F1xx_HAL_Driver</Filter>
    </ClCompile>
    <ClCompile Include="..\Drivers\STM32F1xx_HAL_Driver\Src\stm32f1xx_hal_cortex.c">
      <Filter>Drivers/STM32F1xx_HAL_Driver</Filter>
    </ClCompile>
    <ClCompile Include="..\Drivers\STM32F1xx_HAL_Driver\Src\stm32f1xx_hal_tim.c">
      <Filter>Drivers/STM32F1xx_HAL_Driver</Filter>
    </ClCompile>
    <ClCompile Include="..\Drivers\STM32F1xx_HAL_Driver\Src\stm32f1xx_hal_gpio_ex.c">
      <Filter>Drivers/STM32F1xx_HAL_Driver</Filter>
    </ClCompile>
    <ClCompile Include="..\Drivers\STM32F1xx_HAL_Driver\Src\stm32f1xx_hal_gpio.c">
      <Filter>Drivers/STM32F1xx_HAL_Driver</Filter>
    </ClCompile>
  </ItemGroup>
  <ItemGroup>
    <CustomBuild Include="startup_stm32f103xe.s">
      <Filter>Application/MDK-ARM</Filter>
    </CustomBuild>
  </ItemGroup>
</Project>